// !$*UTF8*$!
{
	archiveVersion = 1;
	classes = {
	};
	objectVersion = 50;
	objects = {

/* Begin PBXBuildFile section */
		9B6CD0D4236BD7FA00175A55 /* AppDelegate.swift in Sources */ = {isa = PBXBuildFile; fileRef = 9B6CD0D3236BD7FA00175A55 /* AppDelegate.swift */; };
		9B6CD0D6236BD7FA00175A55 /* SceneDelegate.swift in Sources */ = {isa = PBXBuildFile; fileRef = 9B6CD0D5236BD7FA00175A55 /* SceneDelegate.swift */; };
		9B6CD0D8236BD7FA00175A55 /* ContentView.swift in Sources */ = {isa = PBXBuildFile; fileRef = 9B6CD0D7236BD7FA00175A55 /* ContentView.swift */; };
		9B6CD0DA236BD80100175A55 /* Assets.xcassets in Resources */ = {isa = PBXBuildFile; fileRef = 9B6CD0D9236BD80100175A55 /* Assets.xcassets */; };
		9B6CD0DD236BD80100175A55 /* Preview Assets.xcassets in Resources */ = {isa = PBXBuildFile; fileRef = 9B6CD0DC236BD80100175A55 /* Preview Assets.xcassets */; };
		9B6CD0E0236BD80100175A55 /* LaunchScreen.storyboard in Resources */ = {isa = PBXBuildFile; fileRef = 9B6CD0DE236BD80100175A55 /* LaunchScreen.storyboard */; };
		9B6CD0EB236BD80100175A55 /* SwiftUIProjectTests.swift in Sources */ = {isa = PBXBuildFile; fileRef = 9B6CD0EA236BD80100175A55 /* SwiftUIProjectTests.swift */; };
		9B6CD0F6236BD80100175A55 /* SwiftUIProjectUITests.swift in Sources */ = {isa = PBXBuildFile; fileRef = 9B6CD0F5236BD80100175A55 /* SwiftUIProjectUITests.swift */; };
/* End PBXBuildFile section */

/* Begin PBXContainerItemProxy section */
		9B6CD0E7236BD80100175A55 /* PBXContainerItemProxy */ = {
			isa = PBXContainerItemProxy;
			containerPortal = 9B6CD0C8236BD7FA00175A55 /* Project object */;
			proxyType = 1;
			remoteGlobalIDString = 9B6CD0CF236BD7FA00175A55;
			remoteInfo = SwiftUIProject;
		};
		9B6CD0F2236BD80100175A55 /* PBXContainerItemProxy */ = {
			isa = PBXContainerItemProxy;
			containerPortal = 9B6CD0C8236BD7FA00175A55 /* Project object */;
			proxyType = 1;
			remoteGlobalIDString = 9B6CD0CF236BD7FA00175A55;
			remoteInfo = SwiftUIProject;
		};
/* End PBXContainerItemProxy section */

/* Begin PBXFileReference section */
		9B6CD0D0236BD7FA00175A55 /* SwiftUIProject.app */ = {isa = PBXFileReference; explicitFileType = wrapper.application; includeInIndex = 0; path = SwiftUIProject.app; sourceTree = BUILT_PRODUCTS_DIR; };
		9B6CD0D3236BD7FA00175A55 /* AppDelegate.swift */ = {isa = PBXFileReference; lastKnownFileType = sourcecode.swift; path = AppDelegate.swift; sourceTree = "<group>"; };
		9B6CD0D5236BD7FA00175A55 /* SceneDelegate.swift */ = {isa = PBXFileReference; lastKnownFileType = sourcecode.swift; path = SceneDelegate.swift; sourceTree = "<group>"; };
		9B6CD0D7236BD7FA00175A55 /* ContentView.swift */ = {isa = PBXFileReference; lastKnownFileType = sourcecode.swift; path = ContentView.swift; sourceTree = "<group>"; };
		9B6CD0D9236BD80100175A55 /* Assets.xcassets */ = {isa = PBXFileReference; lastKnownFileType = folder.assetcatalog; path = Assets.xcassets; sourceTree = "<group>"; };
		9B6CD0DC236BD80100175A55 /* Preview Assets.xcassets */ = {isa = PBXFileReference; lastKnownFileType = folder.assetcatalog; path = "Preview Assets.xcassets"; sourceTree = "<group>"; };
		9B6CD0DF236BD80100175A55 /* Base */ = {isa = PBXFileReference; lastKnownFileType = file.storyboard; name = Base; path = Base.lproj/LaunchScreen.storyboard; sourceTree = "<group>"; };
		9B6CD0E1236BD80100175A55 /* Info.plist */ = {isa = PBXFileReference; lastKnownFileType = text.plist.xml; path = Info.plist; sourceTree = "<group>"; };
		9B6CD0E6236BD80100175A55 /* SwiftUIProjectTests.xctest */ = {isa = PBXFileReference; explicitFileType = wrapper.cfbundle; includeInIndex = 0; path = SwiftUIProjectTests.xctest; sourceTree = BUILT_PRODUCTS_DIR; };
		9B6CD0EA236BD80100175A55 /* SwiftUIProjectTests.swift */ = {isa = PBXFileReference; lastKnownFileType = sourcecode.swift; path = SwiftUIProjectTests.swift; sourceTree = "<group>"; };
		9B6CD0EC236BD80100175A55 /* Info.plist */ = {isa = PBXFileReference; lastKnownFileType = text.plist.xml; path = Info.plist; sourceTree = "<group>"; };
		9B6CD0F1236BD80100175A55 /* SwiftUIProjectUITests.xctest */ = {isa = PBXFileReference; explicitFileType = wrapper.cfbundle; includeInIndex = 0; path = SwiftUIProjectUITests.xctest; sourceTree = BUILT_PRODUCTS_DIR; };
		9B6CD0F5236BD80100175A55 /* SwiftUIProjectUITests.swift */ = {isa = PBXFileReference; lastKnownFileType = sourcecode.swift; path = SwiftUIProjectUITests.swift; sourceTree = "<group>"; };
		9B6CD0F7236BD80100175A55 /* Info.plist */ = {isa = PBXFileReference; lastKnownFileType = text.plist.xml; path = Info.plist; sourceTree = "<group>"; };
/* End PBXFileReference section */

/* Begin PBXFrameworksBuildPhase section */
		9B6CD0CD236BD7FA00175A55 /* Frameworks */ = {
			isa = PBXFrameworksBuildPhase;
			buildActionMask = 2147483647;
			files = (
			);
			runOnlyForDeploymentPostprocessing = 0;
		};
		9B6CD0E3236BD80100175A55 /* Frameworks */ = {
			isa = PBXFrameworksBuildPhase;
			buildActionMask = 2147483647;
			files = (
			);
			runOnlyForDeploymentPostprocessing = 0;
		};
		9B6CD0EE236BD80100175A55 /* Frameworks */ = {
			isa = PBXFrameworksBuildPhase;
			buildActionMask = 2147483647;
			files = (
			);
			runOnlyForDeploymentPostprocessing = 0;
		};
/* End PBXFrameworksBuildPhase section */

/* Begin PBXGroup section */
		9B6CD0C7236BD7FA00175A55 = {
			isa = PBXGroup;
			children = (
				9B6CD0D2236BD7FA00175A55 /* SwiftUIProject */,
				9B6CD0E9236BD80100175A55 /* SwiftUIProjectTests */,
				9B6CD0F4236BD80100175A55 /* SwiftUIProjectUITests */,
				9B6CD0D1236BD7FA00175A55 /* Products */,
			);
			sourceTree = "<group>";
		};
		9B6CD0D1236BD7FA00175A55 /* Products */ = {
			isa = PBXGroup;
			children = (
				9B6CD0D0236BD7FA00175A55 /* SwiftUIProject.app */,
				9B6CD0E6236BD80100175A55 /* SwiftUIProjectTests.xctest */,
				9B6CD0F1236BD80100175A55 /* SwiftUIProjectUITests.xctest */,
			);
			name = Products;
			sourceTree = "<group>";
		};
		9B6CD0D2236BD7FA00175A55 /* SwiftUIProject */ = {
			isa = PBXGroup;
			children = (
				9B6CD0D3236BD7FA00175A55 /* AppDelegate.swift */,
				9B6CD0D5236BD7FA00175A55 /* SceneDelegate.swift */,
				9B6CD0D7236BD7FA00175A55 /* ContentView.swift */,
				9B6CD0D9236BD80100175A55 /* Assets.xcassets */,
				9B6CD0DE236BD80100175A55 /* LaunchScreen.storyboard */,
				9B6CD0E1236BD80100175A55 /* Info.plist */,
				9B6CD0DB236BD80100175A55 /* Preview Content */,
			);
			path = SwiftUIProject;
			sourceTree = "<group>";
		};
		9B6CD0DB236BD80100175A55 /* Preview Content */ = {
			isa = PBXGroup;
			children = (
				9B6CD0DC236BD80100175A55 /* Preview Assets.xcassets */,
			);
			path = "Preview Content";
			sourceTree = "<group>";
		};
		9B6CD0E9236BD80100175A55 /* SwiftUIProjectTests */ = {
			isa = PBXGroup;
			children = (
				9B6CD0EA236BD80100175A55 /* SwiftUIProjectTests.swift */,
				9B6CD0EC236BD80100175A55 /* Info.plist */,
			);
			path = SwiftUIProjectTests;
			sourceTree = "<group>";
		};
		9B6CD0F4236BD80100175A55 /* SwiftUIProjectUITests */ = {
			isa = PBXGroup;
			children = (
				9B6CD0F5236BD80100175A55 /* SwiftUIProjectUITests.swift */,
				9B6CD0F7236BD80100175A55 /* Info.plist */,
			);
			path = SwiftUIProjectUITests;
			sourceTree = "<group>";
		};
/* End PBXGroup section */

/* Begin PBXNativeTarget section */
		9B6CD0CF236BD7FA00175A55 /* SwiftUIProject */ = {
			isa = PBXNativeTarget;
			buildConfigurationList = 9B6CD0FA236BD80100175A55 /* Build configuration list for PBXNativeTarget "SwiftUIProject" */;
			buildPhases = (
				9B6CD0CC236BD7FA00175A55 /* Sources */,
				9B6CD0CD236BD7FA00175A55 /* Frameworks */,
				9B6CD0CE236BD7FA00175A55 /* Resources */,
			);
			buildRules = (
			);
			dependencies = (
			);
			name = SwiftUIProject;
			productName = SwiftUIProject;
			productReference = 9B6CD0D0236BD7FA00175A55 /* SwiftUIProject.app */;
			productType = "com.apple.product-type.application";
		};
		9B6CD0E5236BD80100175A55 /* SwiftUIProjectTests */ = {
			isa = PBXNativeTarget;
			buildConfigurationList = 9B6CD0FD236BD80100175A55 /* Build configuration list for PBXNativeTarget "SwiftUIProjectTests" */;
			buildPhases = (
				9B6CD0E2236BD80100175A55 /* Sources */,
				9B6CD0E3236BD80100175A55 /* Frameworks */,
				9B6CD0E4236BD80100175A55 /* Resources */,
			);
			buildRules = (
			);
			dependencies = (
				9B6CD0E8236BD80100175A55 /* PBXTargetDependency */,
			);
			name = SwiftUIProjectTests;
			productName = SwiftUIProjectTests;
			productReference = 9B6CD0E6236BD80100175A55 /* SwiftUIProjectTests.xctest */;
			productType = "com.apple.product-type.bundle.unit-test";
		};
		9B6CD0F0236BD80100175A55 /* SwiftUIProjectUITests */ = {
			isa = PBXNativeTarget;
			buildConfigurationList = 9B6CD100236BD80100175A55 /* Build configuration list for PBXNativeTarget "SwiftUIProjectUITests" */;
			buildPhases = (
				9B6CD0ED236BD80100175A55 /* Sources */,
				9B6CD0EE236BD80100175A55 /* Frameworks */,
				9B6CD0EF236BD80100175A55 /* Resources */,
			);
			buildRules = (
			);
			dependencies = (
				9B6CD0F3236BD80100175A55 /* PBXTargetDependency */,
			);
			name = SwiftUIProjectUITests;
			productName = SwiftUIProjectUITests;
			productReference = 9B6CD0F1236BD80100175A55 /* SwiftUIProjectUITests.xctest */;
			productType = "com.apple.product-type.bundle.ui-testing";
		};
/* End PBXNativeTarget section */

/* Begin PBXProject section */
		9B6CD0C8236BD7FA00175A55 /* Project object */ = {
			isa = PBXProject;
			attributes = {
				LastSwiftUpdateCheck = 1100;
				LastUpgradeCheck = 1100;
				ORGANIZATIONNAME = lee;
				TargetAttributes = {
					9B6CD0CF236BD7FA00175A55 = {
						CreatedOnToolsVersion = 11.0;
					};
					9B6CD0E5236BD80100175A55 = {
						CreatedOnToolsVersion = 11.0;
						TestTargetID = 9B6CD0CF236BD7FA00175A55;
					};
					9B6CD0F0236BD80100175A55 = {
						CreatedOnToolsVersion = 11.0;
						TestTargetID = 9B6CD0CF236BD7FA00175A55;
					};
				};
			};
			buildConfigurationList = 9B6CD0CB236BD7FA00175A55 /* Build configuration list for PBXProject "SwiftUIProject" */;
			compatibilityVersion = "Xcode 9.3";
			developmentRegion = en;
			hasScannedForEncodings = 0;
			knownRegions = (
				en,
				Base,
			);
			mainGroup = 9B6CD0C7236BD7FA00175A55;
			productRefGroup = 9B6CD0D1236BD7FA00175A55 /* Products */;
			projectDirPath = "";
			projectRoot = "";
			targets = (
				9B6CD0CF236BD7FA00175A55 /* SwiftUIProject */,
				9B6CD0E5236BD80100175A55 /* SwiftUIProjectTests */,
				9B6CD0F0236BD80100175A55 /* SwiftUIProjectUITests */,
			);
		};
/* End PBXProject section */

/* Begin PBXResourcesBuildPhase section */
		9B6CD0CE236BD7FA00175A55 /* Resources */ = {
			isa = PBXResourcesBuildPhase;
			buildActionMask = 2147483647;
			files = (
				9B6CD0E0236BD80100175A55 /* LaunchScreen.storyboard in Resources */,
				9B6CD0DD236BD80100175A55 /* Preview Assets.xcassets in Resources */,
				9B6CD0DA236BD80100175A55 /* Assets.xcassets in Resources */,
			);
			runOnlyForDeploymentPostprocessing = 0;
		};
		9B6CD0E4236BD80100175A55 /* Resources */ = {
			isa = PBXResourcesBuildPhase;
			buildActionMask = 2147483647;
			files = (
			);
			runOnlyForDeploymentPostprocessing = 0;
		};
		9B6CD0EF236BD80100175A55 /* Resources */ = {
			isa = PBXResourcesBuildPhase;
			buildActionMask = 2147483647;
			files = (
			);
			runOnlyForDeploymentPostprocessing = 0;
		};
/* End PBXResourcesBuildPhase section */

/* Begin PBXSourcesBuildPhase section */
		9B6CD0CC236BD7FA00175A55 /* Sources */ = {
			isa = PBXSourcesBuildPhase;
			buildActionMask = 2147483647;
			files = (
				9B6CD0D4236BD7FA00175A55 /* AppDelegate.swift in Sources */,
				9B6CD0D6236BD7FA00175A55 /* SceneDelegate.swift in Sources */,
				9B6CD0D8236BD7FA00175A55 /* ContentView.swift in Sources */,
			);
			runOnlyForDeploymentPostprocessing = 0;
		};
		9B6CD0E2236BD80100175A55 /* Sources */ = {
			isa = PBXSourcesBuildPhase;
			buildActionMask = 2147483647;
			files = (
				9B6CD0EB236BD80100175A55 /* SwiftUIProjectTests.swift in Sources */,
			);
			runOnlyForDeploymentPostprocessing = 0;
		};
		9B6CD0ED236BD80100175A55 /* Sources */ = {
			isa = PBXSourcesBuildPhase;
			buildActionMask = 2147483647;
			files = (
				9B6CD0F6236BD80100175A55 /* SwiftUIProjectUITests.swift in Sources */,
			);
			runOnlyForDeploymentPostprocessing = 0;
		};
/* End PBXSourcesBuildPhase section */

/* Begin PBXTargetDependency section */
		9B6CD0E8236BD80100175A55 /* PBXTargetDependency */ = {
			isa = PBXTargetDependency;
			target = 9B6CD0CF236BD7FA00175A55 /* SwiftUIProject */;
			targetProxy = 9B6CD0E7236BD80100175A55 /* PBXContainerItemProxy */;
		};
		9B6CD0F3236BD80100175A55 /* PBXTargetDependency */ = {
			isa = PBXTargetDependency;
			target = 9B6CD0CF236BD7FA00175A55 /* SwiftUIProject */;
			targetProxy = 9B6CD0F2236BD80100175A55 /* PBXContainerItemProxy */;
		};
/* End PBXTargetDependency section */

/* Begin PBXVariantGroup section */
		9B6CD0DE236BD80100175A55 /* LaunchScreen.storyboard */ = {
			isa = PBXVariantGroup;
			children = (
				9B6CD0DF236BD80100175A55 /* Base */,
			);
			name = LaunchScreen.storyboard;
			sourceTree = "<group>";
		};
/* End PBXVariantGroup section */

/* Begin XCBuildConfiguration section */
		9B6CD0F8236BD80100175A55 /* Debug */ = {
			isa = XCBuildConfiguration;
			buildSettings = {
				ALWAYS_SEARCH_USER_PATHS = NO;
				CLANG_ANALYZER_NONNULL = YES;
				CLANG_ANALYZER_NUMBER_OBJECT_CONVERSION = YES_AGGRESSIVE;
				CLANG_CXX_LANGUAGE_STANDARD = "gnu++14";
				CLANG_CXX_LIBRARY = "libc++";
				CLANG_ENABLE_MODULES = YES;
				CLANG_ENABLE_OBJC_ARC = YES;
				CLANG_ENABLE_OBJC_WEAK = YES;
				CLANG_WARN_BLOCK_CAPTURE_AUTORELEASING = YES;
				CLANG_WARN_BOOL_CONVERSION = YES;
				CLANG_WARN_COMMA = YES;
				CLANG_WARN_CONSTANT_CONVERSION = YES;
				CLANG_WARN_DEPRECATED_OBJC_IMPLEMENTATIONS = YES;
				CLANG_WARN_DIRECT_OBJC_ISA_USAGE = YES_ERROR;
				CLANG_WARN_DOCUMENTATION_COMMENTS = YES;
				CLANG_WARN_EMPTY_BODY = YES;
				CLANG_WARN_ENUM_CONVERSION = YES;
				CLANG_WARN_INFINITE_RECURSION = YES;
				CLANG_WARN_INT_CONVERSION = YES;
				CLANG_WARN_NON_LITERAL_NULL_CONVERSION = YES;
				CLANG_WARN_OBJC_IMPLICIT_RETAIN_SELF = YES;
				CLANG_WARN_OBJC_LITERAL_CONVERSION = YES;
				CLANG_WARN_OBJC_ROOT_CLASS = YES_ERROR;
				CLANG_WARN_RANGE_LOOP_ANALYSIS = YES;
				CLANG_WARN_STRICT_PROTOTYPES = YES;
				CLANG_WARN_SUSPICIOUS_MOVE = YES;
				CLANG_WARN_UNGUARDED_AVAILABILITY = YES_AGGRESSIVE;
				CLANG_WARN_UNREACHABLE_CODE = YES;
				CLANG_WARN__DUPLICATE_METHOD_MATCH = YES;
				COPY_PHASE_STRIP = NO;
				DEBUG_INFORMATION_FORMAT = dwarf;
				ENABLE_STRICT_OBJC_MSGSEND = YES;
				ENABLE_TESTABILITY = YES;
				GCC_C_LANGUAGE_STANDARD = gnu11;
				GCC_DYNAMIC_NO_PIC = NO;
				GCC_NO_COMMON_BLOCKS = YES;
				GCC_OPTIMIZATION_LEVEL = 0;
				GCC_PREPROCESSOR_DEFINITIONS = (
					"DEBUG=1",
					"$(inherited)",
				);
				GCC_WARN_64_TO_32_BIT_CONVERSION = YES;
				GCC_WARN_ABOUT_RETURN_TYPE = YES_ERROR;
				GCC_WARN_UNDECLARED_SELECTOR = YES;
				GCC_WARN_UNINITIALIZED_AUTOS = YES_AGGRESSIVE;
				GCC_WARN_UNUSED_FUNCTION = YES;
				GCC_WARN_UNUSED_VARIABLE = YES;
				IPHONEOS_DEPLOYMENT_TARGET = 13.0;
				MTL_ENABLE_DEBUG_INFO = INCLUDE_SOURCE;
				MTL_FAST_MATH = YES;
				ONLY_ACTIVE_ARCH = YES;
				SDKROOT = iphoneos;
				SWIFT_ACTIVE_COMPILATION_CONDITIONS = DEBUG;
				SWIFT_OPTIMIZATION_LEVEL = "-Onone";
			};
			name = Debug;
		};
		9B6CD0F9236BD80100175A55 /* Release */ = {
			isa = XCBuildConfiguration;
			buildSettings = {
				ALWAYS_SEARCH_USER_PATHS = NO;
				CLANG_ANALYZER_NONNULL = YES;
				CLANG_ANALYZER_NUMBER_OBJECT_CONVERSION = YES_AGGRESSIVE;
				CLANG_CXX_LANGUAGE_STANDARD = "gnu++14";
				CLANG_CXX_LIBRARY = "libc++";
				CLANG_ENABLE_MODULES = YES;
				CLANG_ENABLE_OBJC_ARC = YES;
				CLANG_ENABLE_OBJC_WEAK = YES;
				CLANG_WARN_BLOCK_CAPTURE_AUTORELEASING = YES;
				CLANG_WARN_BOOL_CONVERSION = YES;
				CLANG_WARN_COMMA = YES;
				CLANG_WARN_CONSTANT_CONVERSION = YES;
				CLANG_WARN_DEPRECATED_OBJC_IMPLEMENTATIONS = YES;
				CLANG_WARN_DIRECT_OBJC_ISA_USAGE = YES_ERROR;
				CLANG_WARN_DOCUMENTATION_COMMENTS = YES;
				CLANG_WARN_EMPTY_BODY = YES;
				CLANG_WARN_ENUM_CONVERSION = YES;
				CLANG_WARN_INFINITE_RECURSION = YES;
				CLANG_WARN_INT_CONVERSION = YES;
				CLANG_WARN_NON_LITERAL_NULL_CONVERSION = YES;
				CLANG_WARN_OBJC_IMPLICIT_RETAIN_SELF = YES;
				CLANG_WARN_OBJC_LITERAL_CONVERSION = YES;
				CLANG_WARN_OBJC_ROOT_CLASS = YES_ERROR;
				CLANG_WARN_RANGE_LOOP_ANALYSIS = YES;
				CLANG_WARN_STRICT_PROTOTYPES = YES;
				CLANG_WARN_SUSPICIOUS_MOVE = YES;
				CLANG_WARN_UNGUARDED_AVAILABILITY = YES_AGGRESSIVE;
				CLANG_WARN_UNREACHABLE_CODE = YES;
				CLANG_WARN__DUPLICATE_METHOD_MATCH = YES;
				COPY_PHASE_STRIP = NO;
				DEBUG_INFORMATION_FORMAT = "dwarf-with-dsym";
				ENABLE_NS_ASSERTIONS = NO;
				ENABLE_STRICT_OBJC_MSGSEND = YES;
				GCC_C_LANGUAGE_STANDARD = gnu11;
				GCC_NO_COMMON_BLOCKS = YES;
				GCC_WARN_64_TO_32_BIT_CONVERSION = YES;
				GCC_WARN_ABOUT_RETURN_TYPE = YES_ERROR;
				GCC_WARN_UNDECLARED_SELECTOR = YES;
				GCC_WARN_UNINITIALIZED_AUTOS = YES_AGGRESSIVE;
				GCC_WARN_UNUSED_FUNCTION = YES;
				GCC_WARN_UNUSED_VARIABLE = YES;
				IPHONEOS_DEPLOYMENT_TARGET = 13.0;
				MTL_ENABLE_DEBUG_INFO = NO;
				MTL_FAST_MATH = YES;
				SDKROOT = iphoneos;
				SWIFT_COMPILATION_MODE = wholemodule;
				SWIFT_OPTIMIZATION_LEVEL = "-O";
				VALIDATE_PRODUCT = YES;
			};
			name = Release;
		};
		9B6CD0FB236BD80100175A55 /* Debug */ = {
			isa = XCBuildConfiguration;
			buildSettings = {
				ASSETCATALOG_COMPILER_APPICON_NAME = AppIcon;
				CODE_SIGN_STYLE = Automatic;
				DEVELOPMENT_ASSET_PATHS = "\"SwiftUIProject/Preview Content\"";
				DEVELOPMENT_TEAM = MXEAV3WBEM;
				ENABLE_PREVIEWS = YES;
				INFOPLIST_FILE = SwiftUIProject/Info.plist;
				LD_RUNPATH_SEARCH_PATHS = (
					"$(inherited)",
					"@executable_path/Frameworks",
				);
				PRODUCT_BUNDLE_IDENTIFIER = com.xqc.SwiftUIProject;
				PRODUCT_NAME = "$(TARGET_NAME)";
				SWIFT_VERSION = 5.0;
				TARGETED_DEVICE_FAMILY = "1,2";
			};
			name = Debug;
		};
		9B6CD0FC236BD80100175A55 /* Release */ = {
			isa = XCBuildConfiguration;
			buildSettings = {
				ASSETCATALOG_COMPILER_APPICON_NAME = AppIcon;
				CODE_SIGN_STYLE = Automatic;
				DEVELOPMENT_ASSET_PATHS = "\"SwiftUIProject/Preview Content\"";
				DEVELOPMENT_TEAM = MXEAV3WBEM;
				ENABLE_PREVIEWS = YES;
				INFOPLIST_FILE = SwiftUIProject/Info.plist;
				LD_RUNPATH_SEARCH_PATHS = (
					"$(inherited)",
					"@executable_path/Frameworks",
				);
				PRODUCT_BUNDLE_IDENTIFIER = com.xqc.SwiftUIProject;
				PRODUCT_NAME = "$(TARGET_NAME)";
				SWIFT_VERSION = 5.0;
				TARGETED_DEVICE_FAMILY = "1,2";
			};
			name = Release;
		};
		9B6CD0FE236BD80100175A55 /* Debug */ = {
			isa = XCBuildConfiguration;
			buildSettings = {
				ALWAYS_EMBED_SWIFT_STANDARD_LIBRARIES = YES;
				BUNDLE_LOADER = "$(TEST_HOST)";
				CODE_SIGN_STYLE = Automatic;
				DEVELOPMENT_TEAM = MXEAV3WBEM;
				INFOPLIST_FILE = SwiftUIProjectTests/Info.plist;
				IPHONEOS_DEPLOYMENT_TARGET = 13.0;
				LD_RUNPATH_SEARCH_PATHS = (
					"$(inherited)",
					"@executable_path/Frameworks",
					"@loader_path/Frameworks",
				);
				PRODUCT_BUNDLE_IDENTIFIER = com.xqc.SwiftUIProjectTests;
				PRODUCT_NAME = "$(TARGET_NAME)";
				SWIFT_VERSION = 5.0;
				TARGETED_DEVICE_FAMILY = "1,2";
				TEST_HOST = "$(BUILT_PRODUCTS_DIR)/SwiftUIProject.app/SwiftUIProject";
			};
			name = Debug;
		};
		9B6CD0FF236BD80100175A55 /* Release */ = {
			isa = XCBuildConfiguration;
			buildSettings = {
				ALWAYS_EMBED_SWIFT_STANDARD_LIBRARIES = YES;
				BUNDLE_LOADER = "$(TEST_HOST)";
				CODE_SIGN_STYLE = Automatic;
				DEVELOPMENT_TEAM = MXEAV3WBEM;
				INFOPLIST_FILE = SwiftUIProjectTests/Info.plist;
				IPHONEOS_DEPLOYMENT_TARGET = 13.0;
				LD_RUNPATH_SEARCH_PATHS = (
					"$(inherited)",
					"@executable_path/Frameworks",
					"@loader_path/Frameworks",
				);
				PRODUCT_BUNDLE_IDENTIFIER = com.xqc.SwiftUIProjectTests;
				PRODUCT_NAME = "$(TARGET_NAME)";
				SWIFT_VERSION = 5.0;
				TARGETED_DEVICE_FAMILY = "1,2";
				TEST_HOST = "$(BUILT_PRODUCTS_DIR)/SwiftUIProject.app/SwiftUIProject";
			};
			name = Release;
		};
		9B6CD101236BD80100175A55 /* Debug */ = {
			isa = XCBuildConfiguration;
			buildSettings = {
				ALWAYS_EMBED_SWIFT_STANDARD_LIBRARIES = YES;
				CODE_SIGN_STYLE = Automatic;
				DEVELOPMENT_TEAM = MXEAV3WBEM;
				INFOPLIST_FILE = SwiftUIProjectUITests/Info.plist;
				LD_RUNPATH_SEARCH_PATHS = (
					"$(inherited)",
					"@executable_path/Frameworks",
					"@loader_path/Frameworks",
				);
				PRODUCT_BUNDLE_IDENTIFIER = com.xqc.SwiftUIProjectUITests;
				PRODUCT_NAME = "$(TARGET_NAME)";
				SWIFT_VERSION = 5.0;
				TARGETED_DEVICE_FAMILY = "1,2";
				TEST_TARGET_NAME = SwiftUIProject;
			};
			name = Debug;
		};
		9B6CD102236BD80100175A55 /* Release */ = {
			isa = XCBuildConfiguration;
			buildSettings = {
				ALWAYS_EMBED_SWIFT_STANDARD_LIBRARIES = YES;
				CODE_SIGN_STYLE = Automatic;
				DEVELOPMENT_TEAM = MXEAV3WBEM;
				INFOPLIST_FILE = SwiftUIProjectUITests/Info.plist;
				LD_RUNPATH_SEARCH_PATHS = (
					"$(inherited)",
					"@executable_path/Frameworks",
					"@loader_path/Frameworks",
				);
				PRODUCT_BUNDLE_IDENTIFIER = com.xqc.SwiftUIProjectUITests;
				PRODUCT_NAME = "$(TARGET_NAME)";
				SWIFT_VERSION = 5.0;
				TARGETED_DEVICE_FAMILY = "1,2";
				TEST_TARGET_NAME = SwiftUIProject;
			};
			name = Release;
		};
/* End XCBuildConfiguration section */

/* Begin XCConfigurationList section */
		9B6CD0CB236BD7FA00175A55 /* Build configuration list for PBXProject "SwiftUIProject" */ = {
			isa = XCConfigurationList;
			buildConfigurations = (
				9B6CD0F8236BD80100175A55 /* Debug */,
				9B6CD0F9236BD80100175A55 /* Release */,
			);
			defaultConfigurationIsVisible = 0;
			defaultConfigurationName = Release;
		};
		9B6CD0FA236BD80100175A55 /* Build configuration list for PBXNativeTarget "SwiftUIProject" */ = {
			isa = XCConfigurationList;
			buildConfigurations = (
				9B6CD0FB236BD80100175A55 /* Debug */,
				9B6CD0FC236BD80100175A55 /* Release */,
			);
			defaultConfigurationIsVisible = 0;
			defaultConfigurationName = Release;
		};
		9B6CD0FD236BD80100175A55 /* Build configuration list for PBXNativeTarget "SwiftUIProjectTests" */ = {
			isa = XCConfigurationList;
			buildConfigurations = (
				9B6CD0FE236BD80100175A55 /* Debug */,
				9B6CD0FF236BD80100175A55 /* Release */,
			);
			defaultConfigurationIsVisible = 0;
			defaultConfigurationName = Release;
		};
		9B6CD100236BD80100175A55 /* Build configuration list for PBXNativeTarget "SwiftUIProjectUITests" */ = {
			isa = XCConfigurationList;
			buildConfigurations = (
				9B6CD101236BD80100175A55 /* Debug */,
				9B6CD102236BD80100175A55 /* Release */,
			);
			defaultConfigurationIsVisible = 0;
			defaultConfigurationName = Release;
		};
/* End XCConfigurationList section */
	};
	rootObject = 9B6CD0C8236BD7FA00175A55 /* Project object */;
}
